
Microsoft Visual Studio Solution File, Format Version 12.00
# Visual Studio Version 17
VisualStudioVersion = 17.11.35219.272
MinimumVisualStudioVersion = 10.0.40219.1
Project("{FAE04EC0-301F-11D3-BF4B-00C04F79EFBC}") = "ReportingTemplateProject1", "ReportingTemplateProject1\ReportingTemplateProject1.csproj", "{07C22DFA-3CB6-45C7-A836-990F8C99D2AA}"
EndProject
Global
	GlobalSection(SolutionConfigurationPlatforms) = preSolution
		Debug|Any CPU = Debug|Any CPU
		Release|Any CPU = Release|Any CPU
	EndGlobalSection
	GlobalSection(ProjectConfigurationPlatforms) = postSolution
		{07C22DFA-3CB6-45C7-A836-990F8C99D2AA}.Debug|Any CPU.ActiveCfg = Debug|Any CPU
		{07C22DFA-3CB6-45C7-A836-990F8C99D2AA}.Debug|Any CPU.Build.0 = Debug|Any CPU
		{07C22DFA-3CB6-45C7-A836-990F8C99D2AA}.Release|Any CPU.ActiveCfg = Release|Any CPU
		{07C22DFA-3CB6-45C7-A836-990F8C99D2AA}.Release|Any CPU.Build.0 = Release|Any CPU
	EndGlobalSection
	GlobalSection(SolutionProperties) = preSolution
		HideSolutionNode = FALSE
	EndGlobalSection
	GlobalSection(ExtensibilityGlobals) = postSolution
		SolutionGuid = {382177EB-5F23-4A4B-AC62-7A3CD0026400}
	EndGlobalSection
EndGlobal
